{
  "name": "vasbia-react-native",
  "lockfileVersion": 3,
  "requires": true,
  "packages": {
    "": {
      "devDependencies": {
        "@react-native/typescript-config": "^0.81.1"
      }
    },
    "node_modules/@react-native/typescript-config": {
      "version": "0.81.1",
      "resolved": "https://registry.npmjs.org/@react-native/typescript-config/-/typescript-config-0.81.1.tgz",
      "integrity": "sha512-6G8/aCy9HZvzfD6UdgnWFVDDkmL+UfYw1A9BJcB7sBp3J0J2X2BTZ3x2JQnYeI7e/QxiI3RravghS5e9EDxU5Q==",
      "dev": true,
      "license": "MIT"
    }
  }
}
